
Microsoft Visual Studio Solution File, Format Version 12.00
Project("{FAE04EC0-301F-11D3-BF4B-00C04F79EFBC}") = "To-Do", "To-Do\To-Do.csproj", "{7ACE1B6E-C4B6-4F97-9996-51893756BB1F}"
EndProject
Project("{FAE04EC0-301F-11D3-BF4B-00C04F79EFBC}") = "Test.To-Do", "Test.To-Do\Test.To-Do.csproj", "{D1AD85DE-DDC0-425C-BE65-713001A22D3F}"
EndProject
Global
	GlobalSection(SolutionConfigurationPlatforms) = preSolution
		Debug|Any CPU = Debug|Any CPU
		Release|Any CPU = Release|Any CPU
	EndGlobalSection
	GlobalSection(ProjectConfigurationPlatforms) = postSolution
		{7ACE1B6E-C4B6-4F97-9996-51893756BB1F}.Debug|Any CPU.ActiveCfg = Debug|Any CPU
		{7ACE1B6E-C4B6-4F97-9996-51893756BB1F}.Debug|Any CPU.Build.0 = Debug|Any CPU
		{7ACE1B6E-C4B6-4F97-9996-51893756BB1F}.Release|Any CPU.ActiveCfg = Release|Any CPU
		{7ACE1B6E-C4B6-4F97-9996-51893756BB1F}.Release|Any CPU.Build.0 = Release|Any CPU
		{D1AD85DE-DDC0-425C-BE65-713001A22D3F}.Debug|Any CPU.ActiveCfg = Debug|Any CPU
		{D1AD85DE-DDC0-425C-BE65-713001A22D3F}.Debug|Any CPU.Build.0 = Debug|Any CPU
		{D1AD85DE-DDC0-425C-BE65-713001A22D3F}.Release|Any CPU.ActiveCfg = Release|Any CPU
		{D1AD85DE-DDC0-425C-BE65-713001A22D3F}.Release|Any CPU.Build.0 = Release|Any CPU
	EndGlobalSection
EndGlobal
