
Microsoft Visual Studio Solution File, Format Version 12.00
Project("{FAE04EC0-301F-11D3-BF4B-00C04F79EFBC}") = "ToDo", "ToDo\ToDo.csproj", "{94E64D6D-488B-4FC3-B8B8-A3BC26658AB6}"
EndProject
Global
	GlobalSection(SolutionConfigurationPlatforms) = preSolution
		Debug|Any CPU = Debug|Any CPU
		Release|Any CPU = Release|Any CPU
	EndGlobalSection
	GlobalSection(ProjectConfigurationPlatforms) = postSolution
		{94E64D6D-488B-4FC3-B8B8-A3BC26658AB6}.Debug|Any CPU.ActiveCfg = Debug|Any CPU
		{94E64D6D-488B-4FC3-B8B8-A3BC26658AB6}.Debug|Any CPU.Build.0 = Debug|Any CPU
		{94E64D6D-488B-4FC3-B8B8-A3BC26658AB6}.Release|Any CPU.ActiveCfg = Release|Any CPU
		{94E64D6D-488B-4FC3-B8B8-A3BC26658AB6}.Release|Any CPU.Build.0 = Release|Any CPU
	EndGlobalSection
EndGlobal
